
Microsoft Visual Studio Solution File, Format Version 12.00
# Visual Studio Version 16
VisualStudioVersion = 16.0.31829.152
MinimumVisualStudioVersion = 10.0.40219.1
Project("{FAE04EC0-301F-11D3-BF4B-00C04F79EFBC}") = "Assembly-CSharp", "Assembly-CSharp.csproj", "{F1058F95-6484-3460-9EF6-65351C0A85AD}"
EndProject
Project("{FAE04EC0-301F-11D3-BF4B-00C04F79EFBC}") = "Assembly-CSharp-firstpass", "Assembly-CSharp-firstpass.csproj", "{3A1F5AF1-7598-2F64-3A82-5511E8924F21}"
EndProject
Global
	GlobalSection(SolutionConfigurationPlatforms) = preSolution
		Debug|Any CPU = Debug|Any CPU
		Release|Any CPU = Release|Any CPU
	EndGlobalSection
	GlobalSection(ProjectConfigurationPlatforms) = postSolution
		{F1058F95-6484-3460-9EF6-65351C0A85AD}.Debug|Any CPU.ActiveCfg = Debug|Any CPU
		{F1058F95-6484-3460-9EF6-65351C0A85AD}.Debug|Any CPU.Build.0 = Debug|Any CPU
		{F1058F95-6484-3460-9EF6-65351C0A85AD}.Release|Any CPU.ActiveCfg = Release|Any CPU
		{F1058F95-6484-3460-9EF6-65351C0A85AD}.Release|Any CPU.Build.0 = Release|Any CPU
		{3A1F5AF1-7598-2F64-3A82-5511E8924F21}.Debug|Any CPU.ActiveCfg = Debug|Any CPU
		{3A1F5AF1-7598-2F64-3A82-5511E8924F21}.Debug|Any CPU.Build.0 = Debug|Any CPU
		{3A1F5AF1-7598-2F64-3A82-5511E8924F21}.Release|Any CPU.ActiveCfg = Release|Any CPU
		{3A1F5AF1-7598-2F64-3A82-5511E8924F21}.Release|Any CPU.Build.0 = Release|Any CPU
	EndGlobalSection
	GlobalSection(SolutionProperties) = preSolution
		HideSolutionNode = FALSE
	EndGlobalSection
	GlobalSection(ExtensibilityGlobals) = postSolution
		SolutionGuid = {7A95056B-F2DD-4444-B737-AD9D1A25AD31}
	EndGlobalSection
EndGlobal
