
Microsoft Visual Studio Solution File, Format Version 11.00
# Visual Studio 2010
Project("{FAE04EC0-301F-11D3-BF4B-00C04F79EFBC}") = "Assembly-CSharp", "Assembly-CSharp.csproj", "{0D1980C8-1680-1154-2AB9-D27870901E99}"
EndProject
Project("{FAE04EC0-301F-11D3-BF4B-00C04F79EFBC}") = "Assembly-CSharp-firstpass", "Assembly-CSharp-firstpass.csproj", "{2635DA63-3BEB-3B34-741A-061AD89DAC2D}"
EndProject
Global
	GlobalSection(SolutionConfigurationPlatforms) = preSolution
		Debug|Any CPU = Debug|Any CPU
		Release|Any CPU = Release|Any CPU
	EndGlobalSection
	GlobalSection(ProjectConfigurationPlatforms) = postSolution
		{0D1980C8-1680-1154-2AB9-D27870901E99}.Debug|Any CPU.ActiveCfg = Debug|Any CPU
		{0D1980C8-1680-1154-2AB9-D27870901E99}.Debug|Any CPU.Build.0 = Debug|Any CPU
		{0D1980C8-1680-1154-2AB9-D27870901E99}.Release|Any CPU.ActiveCfg = Release|Any CPU
		{0D1980C8-1680-1154-2AB9-D27870901E99}.Release|Any CPU.Build.0 = Release|Any CPU
		{2635DA63-3BEB-3B34-741A-061AD89DAC2D}.Debug|Any CPU.ActiveCfg = Debug|Any CPU
		{2635DA63-3BEB-3B34-741A-061AD89DAC2D}.Debug|Any CPU.Build.0 = Debug|Any CPU
		{2635DA63-3BEB-3B34-741A-061AD89DAC2D}.Release|Any CPU.ActiveCfg = Release|Any CPU
		{2635DA63-3BEB-3B34-741A-061AD89DAC2D}.Release|Any CPU.Build.0 = Release|Any CPU
	EndGlobalSection
	GlobalSection(SolutionProperties) = preSolution
		HideSolutionNode = FALSE
	EndGlobalSection
EndGlobal
